
Microsoft Visual Studio Solution File, Format Version 12.00
# Visual Studio Version 17
VisualStudioVersion = 17.3.32929.385
MinimumVisualStudioVersion = 10.0.40219.1
Project("{FAE04EC0-301F-11D3-BF4B-00C04F79EFBC}") = "GuessNumber", "GuessNumber.csproj", "{3737EF5D-26C0-45C2-89CB-FCBDF3224688}"
EndProject
Project("{2150E333-8FDC-42A3-9474-1A3956D46DE8}") = "Элементы решения", "Элементы решения", "{98BB2581-95C2-4FB8-A724-34E23575C4ED}"
EndProject
Project("{FAE04EC0-301F-11D3-BF4B-00C04F79EFBC}") = "GameTest", "..\GameTest\GameTest.csproj", "{E96CEA7C-1813-4727-BF3D-EAFC8A2152A7}"
EndProject
Global
	GlobalSection(SolutionConfigurationPlatforms) = preSolution
		Debug|Any CPU = Debug|Any CPU
		Release|Any CPU = Release|Any CPU
	EndGlobalSection
	GlobalSection(ProjectConfigurationPlatforms) = postSolution
		{3737EF5D-26C0-45C2-89CB-FCBDF3224688}.Debug|Any CPU.ActiveCfg = Debug|Any CPU
		{3737EF5D-26C0-45C2-89CB-FCBDF3224688}.Debug|Any CPU.Build.0 = Debug|Any CPU
		{3737EF5D-26C0-45C2-89CB-FCBDF3224688}.Release|Any CPU.ActiveCfg = Release|Any CPU
		{3737EF5D-26C0-45C2-89CB-FCBDF3224688}.Release|Any CPU.Build.0 = Release|Any CPU
		{E96CEA7C-1813-4727-BF3D-EAFC8A2152A7}.Debug|Any CPU.ActiveCfg = Debug|Any CPU
		{E96CEA7C-1813-4727-BF3D-EAFC8A2152A7}.Debug|Any CPU.Build.0 = Debug|Any CPU
		{E96CEA7C-1813-4727-BF3D-EAFC8A2152A7}.Release|Any CPU.ActiveCfg = Release|Any CPU
		{E96CEA7C-1813-4727-BF3D-EAFC8A2152A7}.Release|Any CPU.Build.0 = Release|Any CPU
	EndGlobalSection
	GlobalSection(SolutionProperties) = preSolution
		HideSolutionNode = FALSE
	EndGlobalSection
	GlobalSection(ExtensibilityGlobals) = postSolution
		SolutionGuid = {A40E6B0D-674D-47AB-8F14-C6F6B10DA6FC}
	EndGlobalSection
EndGlobal
